
Microsoft Visual Studio Solution File, Format Version 12.00
# Visual Studio Version 16
VisualStudioVersion = 16.0.29215.179
MinimumVisualStudioVersion = 10.0.40219.1
Project("{FAE04EC0-301F-11D3-BF4B-00C04F79EFBC}") = "mySelectMenu", "mySelectMenu\mySelectMenu.csproj", "{DB175AC0-BEA3-41E0-9101-FA33F70482DC}"
EndProject
Global
	GlobalSection(SolutionConfigurationPlatforms) = preSolution
		Debug|Any CPU = Debug|Any CPU
		Release|Any CPU = Release|Any CPU
	EndGlobalSection
	GlobalSection(ProjectConfigurationPlatforms) = postSolution
		{DB175AC0-BEA3-41E0-9101-FA33F70482DC}.Debug|Any CPU.ActiveCfg = Debug|Any CPU
		{DB175AC0-BEA3-41E0-9101-FA33F70482DC}.Debug|Any CPU.Build.0 = Debug|Any CPU
		{DB175AC0-BEA3-41E0-9101-FA33F70482DC}.Release|Any CPU.ActiveCfg = Release|Any CPU
		{DB175AC0-BEA3-41E0-9101-FA33F70482DC}.Release|Any CPU.Build.0 = Release|Any CPU
	EndGlobalSection
	GlobalSection(SolutionProperties) = preSolution
		HideSolutionNode = FALSE
	EndGlobalSection
	GlobalSection(ExtensibilityGlobals) = postSolution
		SolutionGuid = {8A0CBDAB-CFAD-44FB-A85B-188B0C9EABBC}
	EndGlobalSection
EndGlobal
